
Microsoft Visual Studio Solution File, Format Version 12.00
# Visual Studio Version 16
VisualStudioVersion = 16.0.30128.74
MinimumVisualStudioVersion = 10.0.40219.1
Project("{FAE04EC0-301F-11D3-BF4B-00C04F79EFBC}") = "Lab8", "Lab8.csproj", "{7EA2BD57-089B-47E9-ABCA-0D1272324711}"
EndProject
Global
	GlobalSection(SolutionConfigurationPlatforms) = preSolution
		Debug|Any CPU = Debug|Any CPU
		Release|Any CPU = Release|Any CPU
	EndGlobalSection
	GlobalSection(ProjectConfigurationPlatforms) = postSolution
		{7EA2BD57-089B-47E9-ABCA-0D1272324711}.Debug|Any CPU.ActiveCfg = Debug|Any CPU
		{7EA2BD57-089B-47E9-ABCA-0D1272324711}.Debug|Any CPU.Build.0 = Debug|Any CPU
		{7EA2BD57-089B-47E9-ABCA-0D1272324711}.Release|Any CPU.ActiveCfg = Release|Any CPU
		{7EA2BD57-089B-47E9-ABCA-0D1272324711}.Release|Any CPU.Build.0 = Release|Any CPU
	EndGlobalSection
	GlobalSection(SolutionProperties) = preSolution
		HideSolutionNode = FALSE
	EndGlobalSection
	GlobalSection(ExtensibilityGlobals) = postSolution
		SolutionGuid = {2BD8C485-10E5-42BD-981E-4BBC8309C639}
	EndGlobalSection
EndGlobal
