
Microsoft Visual Studio Solution File, Format Version 12.00
# Visual Studio Version 16
VisualStudioVersion = 16.0.30128.74
MinimumVisualStudioVersion = 10.0.40219.1
Project("{FAE04EC0-301F-11D3-BF4B-00C04F79EFBC}") = "Lab4_1", "Lab4_1.csproj", "{D898EDB0-8011-4CD6-BF4A-26ADD4FB2DC3}"
EndProject
Global
	GlobalSection(SolutionConfigurationPlatforms) = preSolution
		Debug|Any CPU = Debug|Any CPU
		Release|Any CPU = Release|Any CPU
	EndGlobalSection
	GlobalSection(ProjectConfigurationPlatforms) = postSolution
		{D898EDB0-8011-4CD6-BF4A-26ADD4FB2DC3}.Debug|Any CPU.ActiveCfg = Debug|Any CPU
		{D898EDB0-8011-4CD6-BF4A-26ADD4FB2DC3}.Debug|Any CPU.Build.0 = Debug|Any CPU
		{D898EDB0-8011-4CD6-BF4A-26ADD4FB2DC3}.Release|Any CPU.ActiveCfg = Release|Any CPU
		{D898EDB0-8011-4CD6-BF4A-26ADD4FB2DC3}.Release|Any CPU.Build.0 = Release|Any CPU
	EndGlobalSection
	GlobalSection(SolutionProperties) = preSolution
		HideSolutionNode = FALSE
	EndGlobalSection
	GlobalSection(ExtensibilityGlobals) = postSolution
		SolutionGuid = {32A88FAA-852A-42FF-93C0-7BF5F1E2D67C}
	EndGlobalSection
EndGlobal
