
Microsoft Visual Studio Solution File, Format Version 12.00
# Visual Studio Version 16
VisualStudioVersion = 16.0.30128.74
MinimumVisualStudioVersion = 10.0.40219.1
Project("{FAE04EC0-301F-11D3-BF4B-00C04F79EFBC}") = "Lab6", "Lab6.csproj", "{92BD8974-8F16-4C82-A5FF-5993056C42F0}"
EndProject
Global
	GlobalSection(SolutionConfigurationPlatforms) = preSolution
		Debug|Any CPU = Debug|Any CPU
		Release|Any CPU = Release|Any CPU
	EndGlobalSection
	GlobalSection(ProjectConfigurationPlatforms) = postSolution
		{92BD8974-8F16-4C82-A5FF-5993056C42F0}.Debug|Any CPU.ActiveCfg = Debug|Any CPU
		{92BD8974-8F16-4C82-A5FF-5993056C42F0}.Debug|Any CPU.Build.0 = Debug|Any CPU
		{92BD8974-8F16-4C82-A5FF-5993056C42F0}.Release|Any CPU.ActiveCfg = Release|Any CPU
		{92BD8974-8F16-4C82-A5FF-5993056C42F0}.Release|Any CPU.Build.0 = Release|Any CPU
	EndGlobalSection
	GlobalSection(SolutionProperties) = preSolution
		HideSolutionNode = FALSE
	EndGlobalSection
	GlobalSection(ExtensibilityGlobals) = postSolution
		SolutionGuid = {AC2FA75E-3EB9-482F-81EF-42B2AD461601}
	EndGlobalSection
EndGlobal
